
Microsoft Visual Studio Solution File, Format Version 12.00
# Visual Studio Version 17
VisualStudioVersion = 17.7.34018.315
MinimumVisualStudioVersion = 10.0.40219.1
Project("{2150E333-8FDC-42A3-9474-1A3956D46DE8}") = "Src", "Src", "{D8DAB4B3-BDE9-4B10-9B3D-FD0DBDE15BE3}"
EndProject
Project("{2150E333-8FDC-42A3-9474-1A3956D46DE8}") = "Test", "Test", "{AA8F49F5-5B17-42E4-BBA3-4CF232C85D5D}"
EndProject
Project("{2150E333-8FDC-42A3-9474-1A3956D46DE8}") = "00.Packages", "00.Packages", "{DD4198ED-6976-423F-A782-9D53718E7EB8}"
EndProject
Project("{2150E333-8FDC-42A3-9474-1A3956D46DE8}") = "01.Core", "01.Core", "{BC8687D4-B13C-4FFB-B5CC-86FB29EA0513}"
EndProject
Project("{2150E333-8FDC-42A3-9474-1A3956D46DE8}") = "02.Infrastructure", "02.Infrastructure", "{E4632D9D-5DB3-4B72-9A4E-37170731B69A}"
EndProject
Project("{2150E333-8FDC-42A3-9474-1A3956D46DE8}") = "03.Peresntation", "03.Peresntation", "{D6E542C7-8420-4BC4-A8E6-191F826FA649}"
EndProject
Project("{9A19103F-16F7-4668-BE54-9A1E7A4F7556}") = "FilmClubs.Contracts", "FilmClub.Cantracts\FilmClubs.Contracts.csproj", "{E648EE55-3B1B-44CC-9ED6-7CC95741608A}"
EndProject
Project("{9A19103F-16F7-4668-BE54-9A1E7A4F7556}") = "FilmClub.Entities", "FilmClub.Entities\FilmClub.Entities.csproj", "{7BEEA833-E6BA-4BB7-B59C-1BE0C92254C8}"
EndProject
Project("{9A19103F-16F7-4668-BE54-9A1E7A4F7556}") = "FilmClub.Services", "FilmClub.Services\FilmClub.Services.csproj", "{A2EF44F1-B597-4D54-9475-2F2D0D3CEAA4}"
EndProject
Project("{9A19103F-16F7-4668-BE54-9A1E7A4F7556}") = "FilmClub.Persistence.EF", "FilmClub.Persistence.EF\FilmClub.Persistence.EF.csproj", "{74C717BE-7830-4BCC-A8E0-294DD495FA04}"
EndProject
Project("{9A19103F-16F7-4668-BE54-9A1E7A4F7556}") = "FilmClub.Migrations", "FilmClub.Migrations\FilmClub.Migrations.csproj", "{51DD590B-7D7E-46D3-8331-50B6E34FA063}"
EndProject
Project("{9A19103F-16F7-4668-BE54-9A1E7A4F7556}") = "FilmClub.Services.Unit.Test", "FilmClub.Services.Unit.Test\FilmClub.Services.Unit.Test.csproj", "{1AAA152D-82CB-450D-864D-681F4D48BC0F}"
EndProject
Project("{9A19103F-16F7-4668-BE54-9A1E7A4F7556}") = "FilmClub.Test.Tools", "FilmClub.Test.Tools\FilmClub.Test.Tools.csproj", "{2C20A3A3-4CDD-463D-B50D-6A3E6541DFF7}"
EndProject
Project("{9A19103F-16F7-4668-BE54-9A1E7A4F7556}") = "FilmClub.RestApi", "FilmClub.RestApi\FilmClub.RestApi.csproj", "{09DF9DFD-6FB3-4EC6-BFD9-4E1111ED4E01}"
EndProject
Global
	GlobalSection(SolutionConfigurationPlatforms) = preSolution
		Debug|Any CPU = Debug|Any CPU
		Release|Any CPU = Release|Any CPU
	EndGlobalSection
	GlobalSection(ProjectConfigurationPlatforms) = postSolution
		{E648EE55-3B1B-44CC-9ED6-7CC95741608A}.Debug|Any CPU.ActiveCfg = Debug|Any CPU
		{E648EE55-3B1B-44CC-9ED6-7CC95741608A}.Debug|Any CPU.Build.0 = Debug|Any CPU
		{E648EE55-3B1B-44CC-9ED6-7CC95741608A}.Release|Any CPU.ActiveCfg = Release|Any CPU
		{E648EE55-3B1B-44CC-9ED6-7CC95741608A}.Release|Any CPU.Build.0 = Release|Any CPU
		{7BEEA833-E6BA-4BB7-B59C-1BE0C92254C8}.Debug|Any CPU.ActiveCfg = Debug|Any CPU
		{7BEEA833-E6BA-4BB7-B59C-1BE0C92254C8}.Debug|Any CPU.Build.0 = Debug|Any CPU
		{7BEEA833-E6BA-4BB7-B59C-1BE0C92254C8}.Release|Any CPU.ActiveCfg = Release|Any CPU
		{7BEEA833-E6BA-4BB7-B59C-1BE0C92254C8}.Release|Any CPU.Build.0 = Release|Any CPU
		{A2EF44F1-B597-4D54-9475-2F2D0D3CEAA4}.Debug|Any CPU.ActiveCfg = Debug|Any CPU
		{A2EF44F1-B597-4D54-9475-2F2D0D3CEAA4}.Debug|Any CPU.Build.0 = Debug|Any CPU
		{A2EF44F1-B597-4D54-9475-2F2D0D3CEAA4}.Release|Any CPU.ActiveCfg = Release|Any CPU
		{A2EF44F1-B597-4D54-9475-2F2D0D3CEAA4}.Release|Any CPU.Build.0 = Release|Any CPU
		{74C717BE-7830-4BCC-A8E0-294DD495FA04}.Debug|Any CPU.ActiveCfg = Debug|Any CPU
		{74C717BE-7830-4BCC-A8E0-294DD495FA04}.Debug|Any CPU.Build.0 = Debug|Any CPU
		{74C717BE-7830-4BCC-A8E0-294DD495FA04}.Release|Any CPU.ActiveCfg = Release|Any CPU
		{74C717BE-7830-4BCC-A8E0-294DD495FA04}.Release|Any CPU.Build.0 = Release|Any CPU
		{51DD590B-7D7E-46D3-8331-50B6E34FA063}.Debug|Any CPU.ActiveCfg = Debug|Any CPU
		{51DD590B-7D7E-46D3-8331-50B6E34FA063}.Debug|Any CPU.Build.0 = Debug|Any CPU
		{51DD590B-7D7E-46D3-8331-50B6E34FA063}.Release|Any CPU.ActiveCfg = Release|Any CPU
		{51DD590B-7D7E-46D3-8331-50B6E34FA063}.Release|Any CPU.Build.0 = Release|Any CPU
		{1AAA152D-82CB-450D-864D-681F4D48BC0F}.Debug|Any CPU.ActiveCfg = Debug|Any CPU
		{1AAA152D-82CB-450D-864D-681F4D48BC0F}.Debug|Any CPU.Build.0 = Debug|Any CPU
		{1AAA152D-82CB-450D-864D-681F4D48BC0F}.Release|Any CPU.ActiveCfg = Release|Any CPU
		{1AAA152D-82CB-450D-864D-681F4D48BC0F}.Release|Any CPU.Build.0 = Release|Any CPU
		{2C20A3A3-4CDD-463D-B50D-6A3E6541DFF7}.Debug|Any CPU.ActiveCfg = Debug|Any CPU
		{2C20A3A3-4CDD-463D-B50D-6A3E6541DFF7}.Debug|Any CPU.Build.0 = Debug|Any CPU
		{2C20A3A3-4CDD-463D-B50D-6A3E6541DFF7}.Release|Any CPU.ActiveCfg = Release|Any CPU
		{2C20A3A3-4CDD-463D-B50D-6A3E6541DFF7}.Release|Any CPU.Build.0 = Release|Any CPU
		{09DF9DFD-6FB3-4EC6-BFD9-4E1111ED4E01}.Debug|Any CPU.ActiveCfg = Debug|Any CPU
		{09DF9DFD-6FB3-4EC6-BFD9-4E1111ED4E01}.Debug|Any CPU.Build.0 = Debug|Any CPU
		{09DF9DFD-6FB3-4EC6-BFD9-4E1111ED4E01}.Release|Any CPU.ActiveCfg = Release|Any CPU
		{09DF9DFD-6FB3-4EC6-BFD9-4E1111ED4E01}.Release|Any CPU.Build.0 = Release|Any CPU
	EndGlobalSection
	GlobalSection(SolutionProperties) = preSolution
		HideSolutionNode = FALSE
	EndGlobalSection
	GlobalSection(NestedProjects) = preSolution
		{DD4198ED-6976-423F-A782-9D53718E7EB8} = {D8DAB4B3-BDE9-4B10-9B3D-FD0DBDE15BE3}
		{BC8687D4-B13C-4FFB-B5CC-86FB29EA0513} = {D8DAB4B3-BDE9-4B10-9B3D-FD0DBDE15BE3}
		{E4632D9D-5DB3-4B72-9A4E-37170731B69A} = {D8DAB4B3-BDE9-4B10-9B3D-FD0DBDE15BE3}
		{D6E542C7-8420-4BC4-A8E6-191F826FA649} = {D8DAB4B3-BDE9-4B10-9B3D-FD0DBDE15BE3}
		{E648EE55-3B1B-44CC-9ED6-7CC95741608A} = {DD4198ED-6976-423F-A782-9D53718E7EB8}
		{7BEEA833-E6BA-4BB7-B59C-1BE0C92254C8} = {BC8687D4-B13C-4FFB-B5CC-86FB29EA0513}
		{A2EF44F1-B597-4D54-9475-2F2D0D3CEAA4} = {BC8687D4-B13C-4FFB-B5CC-86FB29EA0513}
		{74C717BE-7830-4BCC-A8E0-294DD495FA04} = {E4632D9D-5DB3-4B72-9A4E-37170731B69A}
		{51DD590B-7D7E-46D3-8331-50B6E34FA063} = {E4632D9D-5DB3-4B72-9A4E-37170731B69A}
		{1AAA152D-82CB-450D-864D-681F4D48BC0F} = {AA8F49F5-5B17-42E4-BBA3-4CF232C85D5D}
		{2C20A3A3-4CDD-463D-B50D-6A3E6541DFF7} = {AA8F49F5-5B17-42E4-BBA3-4CF232C85D5D}
		{09DF9DFD-6FB3-4EC6-BFD9-4E1111ED4E01} = {D6E542C7-8420-4BC4-A8E6-191F826FA649}
	EndGlobalSection
	GlobalSection(ExtensibilityGlobals) = postSolution
		SolutionGuid = {1BF09AEB-87C4-4426-B123-CD1BBF3F733D}
	EndGlobalSection
EndGlobal
